
Microsoft Visual Studio Solution File, Format Version 12.00
# Visual Studio Version 17
VisualStudioVersion = 17.13.35919.96 d17.13
MinimumVisualStudioVersion = 10.0.40219.1
Project("{FAE04EC0-301F-11D3-BF4B-00C04F79EFBC}") = "WPF_00_Studying", "WPF_00_Studying\WPF_00_Studying.csproj", "{3D5A123C-2C83-44AE-8DF1-95549AAD6DDE}"
EndProject
Global
	GlobalSection(SolutionConfigurationPlatforms) = preSolution
		Debug|Any CPU = Debug|Any CPU
		Release|Any CPU = Release|Any CPU
	EndGlobalSection
	GlobalSection(ProjectConfigurationPlatforms) = postSolution
		{3D5A123C-2C83-44AE-8DF1-95549AAD6DDE}.Debug|Any CPU.ActiveCfg = Debug|Any CPU
		{3D5A123C-2C83-44AE-8DF1-95549AAD6DDE}.Debug|Any CPU.Build.0 = Debug|Any CPU
		{3D5A123C-2C83-44AE-8DF1-95549AAD6DDE}.Release|Any CPU.ActiveCfg = Release|Any CPU
		{3D5A123C-2C83-44AE-8DF1-95549AAD6DDE}.Release|Any CPU.Build.0 = Release|Any CPU
	EndGlobalSection
	GlobalSection(SolutionProperties) = preSolution
		HideSolutionNode = FALSE
	EndGlobalSection
	GlobalSection(ExtensibilityGlobals) = postSolution
		SolutionGuid = {6FB088D1-80AA-463C-BA9E-08C5F8B33091}
	EndGlobalSection
EndGlobal
